
Microsoft Visual Studio Solution File, Format Version 12.00
# Visual Studio Version 17
VisualStudioVersion = 17.0.31903.59
MinimumVisualStudioVersion = 10.0.40219.1
Project("{FAE04EC0-301F-11D3-BF4B-00C04F79EFBC}") = "Operation.Flying.Deer.Api", "Operation.Flying.Deer.Api\Operation.Flying.Deer.Api.csproj", "{5CA4ED7E-59C4-4736-8661-2BC9B63996FB}"
EndProject
Project("{FAE04EC0-301F-11D3-BF4B-00C04F79EFBC}") = "Operation.Flying.Deer.Domain", "Operation.Flying.Deer.Domain\Operation.Flying.Deer.Domain.csproj", "{68CE9A02-B4F0-4F23-B634-32B6E1167E65}"
EndProject
Project("{2150E333-8FDC-42A3-9474-1A3956D46DE8}") = "tests", "tests", "{0AB3BF05-4346-4AA6-1389-037BE0695223}"
EndProject
Project("{FAE04EC0-301F-11D3-BF4B-00C04F79EFBC}") = "Operation.Flying.Deer.Domain.Tests", "tests\Operation.Flying.Deer.Domain.Tests\Operation.Flying.Deer.Domain.Tests.csproj", "{6E923BE7-DBF7-49BB-9971-01F72EBB94D7}"
EndProject
Global
	GlobalSection(SolutionConfigurationPlatforms) = preSolution
		Debug|Any CPU = Debug|Any CPU
		Debug|x64 = Debug|x64
		Debug|x86 = Debug|x86
		Release|Any CPU = Release|Any CPU
		Release|x64 = Release|x64
		Release|x86 = Release|x86
	EndGlobalSection
	GlobalSection(ProjectConfigurationPlatforms) = postSolution
		{5CA4ED7E-59C4-4736-8661-2BC9B63996FB}.Debug|Any CPU.ActiveCfg = Debug|Any CPU
		{5CA4ED7E-59C4-4736-8661-2BC9B63996FB}.Debug|Any CPU.Build.0 = Debug|Any CPU
		{5CA4ED7E-59C4-4736-8661-2BC9B63996FB}.Debug|x64.ActiveCfg = Debug|Any CPU
		{5CA4ED7E-59C4-4736-8661-2BC9B63996FB}.Debug|x64.Build.0 = Debug|Any CPU
		{5CA4ED7E-59C4-4736-8661-2BC9B63996FB}.Debug|x86.ActiveCfg = Debug|Any CPU
		{5CA4ED7E-59C4-4736-8661-2BC9B63996FB}.Debug|x86.Build.0 = Debug|Any CPU
		{5CA4ED7E-59C4-4736-8661-2BC9B63996FB}.Release|Any CPU.ActiveCfg = Release|Any CPU
		{5CA4ED7E-59C4-4736-8661-2BC9B63996FB}.Release|Any CPU.Build.0 = Release|Any CPU
		{5CA4ED7E-59C4-4736-8661-2BC9B63996FB}.Release|x64.ActiveCfg = Release|Any CPU
		{5CA4ED7E-59C4-4736-8661-2BC9B63996FB}.Release|x64.Build.0 = Release|Any CPU
		{5CA4ED7E-59C4-4736-8661-2BC9B63996FB}.Release|x86.ActiveCfg = Release|Any CPU
		{5CA4ED7E-59C4-4736-8661-2BC9B63996FB}.Release|x86.Build.0 = Release|Any CPU
		{68CE9A02-B4F0-4F23-B634-32B6E1167E65}.Debug|Any CPU.ActiveCfg = Debug|Any CPU
		{68CE9A02-B4F0-4F23-B634-32B6E1167E65}.Debug|Any CPU.Build.0 = Debug|Any CPU
		{68CE9A02-B4F0-4F23-B634-32B6E1167E65}.Debug|x64.ActiveCfg = Debug|Any CPU
		{68CE9A02-B4F0-4F23-B634-32B6E1167E65}.Debug|x64.Build.0 = Debug|Any CPU
		{68CE9A02-B4F0-4F23-B634-32B6E1167E65}.Debug|x86.ActiveCfg = Debug|Any CPU
		{68CE9A02-B4F0-4F23-B634-32B6E1167E65}.Debug|x86.Build.0 = Debug|Any CPU
		{68CE9A02-B4F0-4F23-B634-32B6E1167E65}.Release|Any CPU.ActiveCfg = Release|Any CPU
		{68CE9A02-B4F0-4F23-B634-32B6E1167E65}.Release|Any CPU.Build.0 = Release|Any CPU
		{68CE9A02-B4F0-4F23-B634-32B6E1167E65}.Release|x64.ActiveCfg = Release|Any CPU
		{68CE9A02-B4F0-4F23-B634-32B6E1167E65}.Release|x64.Build.0 = Release|Any CPU
		{68CE9A02-B4F0-4F23-B634-32B6E1167E65}.Release|x86.ActiveCfg = Release|Any CPU
		{68CE9A02-B4F0-4F23-B634-32B6E1167E65}.Release|x86.Build.0 = Release|Any CPU
		{6E923BE7-DBF7-49BB-9971-01F72EBB94D7}.Debug|Any CPU.ActiveCfg = Debug|Any CPU
		{6E923BE7-DBF7-49BB-9971-01F72EBB94D7}.Debug|Any CPU.Build.0 = Debug|Any CPU
		{6E923BE7-DBF7-49BB-9971-01F72EBB94D7}.Debug|x64.ActiveCfg = Debug|Any CPU
		{6E923BE7-DBF7-49BB-9971-01F72EBB94D7}.Debug|x64.Build.0 = Debug|Any CPU
		{6E923BE7-DBF7-49BB-9971-01F72EBB94D7}.Debug|x86.ActiveCfg = Debug|Any CPU
		{6E923BE7-DBF7-49BB-9971-01F72EBB94D7}.Debug|x86.Build.0 = Debug|Any CPU
		{6E923BE7-DBF7-49BB-9971-01F72EBB94D7}.Release|Any CPU.ActiveCfg = Release|Any CPU
		{6E923BE7-DBF7-49BB-9971-01F72EBB94D7}.Release|Any CPU.Build.0 = Release|Any CPU
		{6E923BE7-DBF7-49BB-9971-01F72EBB94D7}.Release|x64.ActiveCfg = Release|Any CPU
		{6E923BE7-DBF7-49BB-9971-01F72EBB94D7}.Release|x64.Build.0 = Release|Any CPU
		{6E923BE7-DBF7-49BB-9971-01F72EBB94D7}.Release|x86.ActiveCfg = Release|Any CPU
		{6E923BE7-DBF7-49BB-9971-01F72EBB94D7}.Release|x86.Build.0 = Release|Any CPU
	EndGlobalSection
	GlobalSection(SolutionProperties) = preSolution
		HideSolutionNode = FALSE
	EndGlobalSection
	GlobalSection(NestedProjects) = preSolution
		{6E923BE7-DBF7-49BB-9971-01F72EBB94D7} = {0AB3BF05-4346-4AA6-1389-037BE0695223}
	EndGlobalSection
EndGlobal
